
Microsoft Visual Studio Solution File, Format Version 12.00
# Visual Studio Version 17
VisualStudioVersion = 17.4.33122.133
MinimumVisualStudioVersion = 10.0.40219.1
Project("{FAE04EC0-301F-11D3-BF4B-00C04F79EFBC}") = "MyFinance.API", "MyFinance.API\MyFinance.API.csproj", "{9F348653-76E3-4B5B-927D-DB56C724293B}"
EndProject
Project("{FAE04EC0-301F-11D3-BF4B-00C04F79EFBC}") = "MyFinance.Infra", "MyFinance.Infra\MyFinance.Infra.csproj", "{B57C76D0-30D9-43EB-936F-55360FCE9DB8}"
EndProject
Project("{FAE04EC0-301F-11D3-BF4B-00C04F79EFBC}") = "MyFinance.Domain", "MyFinance.Domain\MyFinance.Domain.csproj", "{43E6A11B-BC90-49DB-99FC-CA386EAC9C8D}"
EndProject
Global
	GlobalSection(SolutionConfigurationPlatforms) = preSolution
		Debug|Any CPU = Debug|Any CPU
		Release|Any CPU = Release|Any CPU
	EndGlobalSection
	GlobalSection(ProjectConfigurationPlatforms) = postSolution
		{9F348653-76E3-4B5B-927D-DB56C724293B}.Debug|Any CPU.ActiveCfg = Debug|Any CPU
		{9F348653-76E3-4B5B-927D-DB56C724293B}.Debug|Any CPU.Build.0 = Debug|Any CPU
		{9F348653-76E3-4B5B-927D-DB56C724293B}.Release|Any CPU.ActiveCfg = Release|Any CPU
		{9F348653-76E3-4B5B-927D-DB56C724293B}.Release|Any CPU.Build.0 = Release|Any CPU
		{B57C76D0-30D9-43EB-936F-55360FCE9DB8}.Debug|Any CPU.ActiveCfg = Debug|Any CPU
		{B57C76D0-30D9-43EB-936F-55360FCE9DB8}.Debug|Any CPU.Build.0 = Debug|Any CPU
		{B57C76D0-30D9-43EB-936F-55360FCE9DB8}.Release|Any CPU.ActiveCfg = Release|Any CPU
		{B57C76D0-30D9-43EB-936F-55360FCE9DB8}.Release|Any CPU.Build.0 = Release|Any CPU
		{43E6A11B-BC90-49DB-99FC-CA386EAC9C8D}.Debug|Any CPU.ActiveCfg = Debug|Any CPU
		{43E6A11B-BC90-49DB-99FC-CA386EAC9C8D}.Debug|Any CPU.Build.0 = Debug|Any CPU
		{43E6A11B-BC90-49DB-99FC-CA386EAC9C8D}.Release|Any CPU.ActiveCfg = Release|Any CPU
		{43E6A11B-BC90-49DB-99FC-CA386EAC9C8D}.Release|Any CPU.Build.0 = Release|Any CPU
	EndGlobalSection
	GlobalSection(SolutionProperties) = preSolution
		HideSolutionNode = FALSE
	EndGlobalSection
	GlobalSection(ExtensibilityGlobals) = postSolution
		SolutionGuid = {8268FF8D-FD49-47C0-8379-759A6E30D2A4}
	EndGlobalSection
EndGlobal
